
Microsoft Visual Studio Solution File, Format Version 12.00
# Visual Studio 15
VisualStudioVersion = 15.0.26403.7
MinimumVisualStudioVersion = 10.0.40219.1
Project("{FAE04EC0-301F-11D3-BF4B-00C04F79EFBC}") = "Cortana", "Cortana\Cortana.csproj", "{6731F05A-6555-4C2B-AFC3-6FF73E604A50}"
EndProject
Project("{FAE04EC0-301F-11D3-BF4B-00C04F79EFBC}") = "MarkVSharp", "MarkVSharp\MarkVSharp.csproj", "{716E477E-8A6F-4B26-9D19-EC4279CEF3E9}"
EndProject
Project("{FAE04EC0-301F-11D3-BF4B-00C04F79EFBC}") = "UrbanDictionary", "UrbanDictionary\UrbanDictionary.csproj", "{851D17D6-3771-485A-9591-36A3CA1C27D0}"
EndProject
Project("{FAE04EC0-301F-11D3-BF4B-00C04F79EFBC}") = "xkcd", "xkcd\xkcd.csproj", "{A4322814-9429-4C3F-A24B-117955AD6E08}"
EndProject
Global
	GlobalSection(SolutionConfigurationPlatforms) = preSolution
		Debug|Any CPU = Debug|Any CPU
		Release|Any CPU = Release|Any CPU
	EndGlobalSection
	GlobalSection(ProjectConfigurationPlatforms) = postSolution
		{6731F05A-6555-4C2B-AFC3-6FF73E604A50}.Debug|Any CPU.ActiveCfg = Debug|Any CPU
		{6731F05A-6555-4C2B-AFC3-6FF73E604A50}.Debug|Any CPU.Build.0 = Debug|Any CPU
		{6731F05A-6555-4C2B-AFC3-6FF73E604A50}.Release|Any CPU.ActiveCfg = Release|Any CPU
		{6731F05A-6555-4C2B-AFC3-6FF73E604A50}.Release|Any CPU.Build.0 = Release|Any CPU
		{716E477E-8A6F-4B26-9D19-EC4279CEF3E9}.Debug|Any CPU.ActiveCfg = Debug|Any CPU
		{716E477E-8A6F-4B26-9D19-EC4279CEF3E9}.Debug|Any CPU.Build.0 = Debug|Any CPU
		{716E477E-8A6F-4B26-9D19-EC4279CEF3E9}.Release|Any CPU.ActiveCfg = Release|Any CPU
		{716E477E-8A6F-4B26-9D19-EC4279CEF3E9}.Release|Any CPU.Build.0 = Release|Any CPU
		{851D17D6-3771-485A-9591-36A3CA1C27D0}.Debug|Any CPU.ActiveCfg = Debug|Any CPU
		{851D17D6-3771-485A-9591-36A3CA1C27D0}.Debug|Any CPU.Build.0 = Debug|Any CPU
		{851D17D6-3771-485A-9591-36A3CA1C27D0}.Release|Any CPU.ActiveCfg = Release|Any CPU
		{851D17D6-3771-485A-9591-36A3CA1C27D0}.Release|Any CPU.Build.0 = Release|Any CPU
		{A4322814-9429-4C3F-A24B-117955AD6E08}.Debug|Any CPU.ActiveCfg = Debug|Any CPU
		{A4322814-9429-4C3F-A24B-117955AD6E08}.Debug|Any CPU.Build.0 = Debug|Any CPU
		{A4322814-9429-4C3F-A24B-117955AD6E08}.Release|Any CPU.ActiveCfg = Release|Any CPU
		{A4322814-9429-4C3F-A24B-117955AD6E08}.Release|Any CPU.Build.0 = Release|Any CPU
	EndGlobalSection
	GlobalSection(SolutionProperties) = preSolution
		HideSolutionNode = FALSE
	EndGlobalSection
EndGlobal
